
Microsoft Visual Studio Solution File, Format Version 12.00
# Visual Studio Version 18
VisualStudioVersion = 18.0.11217.181
MinimumVisualStudioVersion = 10.0.40219.1
Project("{9A19103F-16F7-4668-BE54-9A1E7A4F7556}") = "Picator.Realtime", "Picator.Realtime\Picator.Realtime.csproj", "{1A3964E7-AF1E-4E1E-8143-77E3354DB8BE}"
EndProject
Project("{9A19103F-16F7-4668-BE54-9A1E7A4F7556}") = "Picator.Realtime.Common", "Picator.Realtime.Common\Picator.Realtime.Common.csproj", "{8075D336-7868-409F-ACA5-88D706CF2EC8}"
EndProject
Project("{2150E333-8FDC-42A3-9474-1A3956D46DE8}") = "Domain", "Domain", "{CCE1AB93-D4DB-4060-B2A5-4DE50D83CECA}"
EndProject
Project("{2150E333-8FDC-42A3-9474-1A3956D46DE8}") = "Shared", "Shared", "{0DEFE02C-DE37-460F-919F-B89F221FE0C0}"
EndProject
Project("{9A19103F-16F7-4668-BE54-9A1E7A4F7556}") = "Picator.Common", "Picator.Common\Picator.Common.csproj", "{17C5564F-4903-4E74-890E-B72B73CBB963}"
EndProject
Project("{2150E333-8FDC-42A3-9474-1A3956D46DE8}") = "Configuration", "Configuration", "{A9DCA4D9-4528-48F8-A4AF-FE12FBC36AF1}"
	ProjectSection(SolutionItems) = preProject
		.editorconfig = .editorconfig
		Picator.Api\NuGet.Config = Picator.Api\NuGet.Config
	EndProjectSection
EndProject
Project("{9A19103F-16F7-4668-BE54-9A1E7A4F7556}") = "Picator.Entities", "Picator.Entities\Picator.Entities.csproj", "{D72A77A3-B9AB-41D6-AC22-B1951B1CB5A6}"
EndProject
Project("{9A19103F-16F7-4668-BE54-9A1E7A4F7556}") = "Picator.Common.Data", "Picator.Common.Data\Picator.Common.Data.csproj", "{82606101-2062-4E17-8782-02D055DFF4DD}"
EndProject
Project("{9A19103F-16F7-4668-BE54-9A1E7A4F7556}") = "Picator.Data", "Picator.Data\Picator.Data.csproj", "{6F11EAE0-629C-4D59-BA15-5B468F9A2F51}"
EndProject
Project("{2150E333-8FDC-42A3-9474-1A3956D46DE8}") = "Infrastructure", "Infrastructure", "{2E94AEB4-40BC-4481-B18C-980256272A5E}"
EndProject
Project("{9A19103F-16F7-4668-BE54-9A1E7A4F7556}") = "Picator.Repository", "Picator.Repository\Picator.Repository.csproj", "{070CDE21-E226-4E5A-87C5-88AA9979470A}"
EndProject
Project("{2150E333-8FDC-42A3-9474-1A3956D46DE8}") = "Services", "Services", "{ECBD6EC9-AB7D-4768-8469-2CD9DFA3D1FD}"
EndProject
Project("{9A19103F-16F7-4668-BE54-9A1E7A4F7556}") = "Picator.Service", "Picator.Service\Picator.Service.csproj", "{D3A1CCE6-2981-4AF2-9387-86865D6B2C60}"
EndProject
Project("{9A19103F-16F7-4668-BE54-9A1E7A4F7556}") = "Picator.Common.Server", "Picator.Common.Server\Picator.Common.Server.csproj", "{C032923E-BDBA-4285-9831-8D658D0E8F7D}"
EndProject
Project("{9A19103F-16F7-4668-BE54-9A1E7A4F7556}") = "XamDrawingView", "XamDrawingView\XamDrawingView.csproj", "{3802629D-FE61-4069-9D20-B5285F23F10D}"
EndProject
Project("{2150E333-8FDC-42A3-9474-1A3956D46DE8}") = "Game", "Game", "{1D6C768D-D8DA-4031-B49B-9DC57128F8D5}"
EndProject
Project("{9A19103F-16F7-4668-BE54-9A1E7A4F7556}") = "Picator.Configuration", "Picator.Configuration\Picator.Configuration.csproj", "{535035CB-57F9-4260-A22D-C3D15D162EFA}"
EndProject
Project("{9A19103F-16F7-4668-BE54-9A1E7A4F7556}") = "Picator.Api", "Picator.Api\Picator.Api.csproj", "{D75B6BD9-EC78-4E44-98B1-54E7D715D72C}"
EndProject
Project("{9A19103F-16F7-4668-BE54-9A1E7A4F7556}") = "Picator.ExternalAuth", "Picator.ExternalAuth\Picator.ExternalAuth.csproj", "{BA397804-5480-4A9E-BBEB-F94CE5ED282C}"
EndProject
Project("{9A19103F-16F7-4668-BE54-9A1E7A4F7556}") = "Picator.Game", "Picator.GameV2\Picator.Game.csproj", "{F01A76CD-534E-43E6-98E9-30381DBAB2A4}"
EndProject
Project("{FAE04EC0-301F-11D3-BF4B-00C04F79EFBC}") = "Picator.AppHost", "Picator.AppHost\Picator.AppHost.csproj", "{AD21C0E1-0902-438E-94BC-CF85B523D4AC}"
EndProject
Project("{FAE04EC0-301F-11D3-BF4B-00C04F79EFBC}") = "Picator.ServiceDefaults", "Picator.ServiceDefaults\Picator.ServiceDefaults.csproj", "{83CB139F-2464-A37C-C7A7-1B2B51B1FD5A}"
EndProject
Project("{FAE04EC0-301F-11D3-BF4B-00C04F79EFBC}") = "TempAPITest", "TempAPITest\TempAPITest.csproj", "{4B7641D2-3D7A-4D06-9F3B-7A93125996A9}"
EndProject
Project("{2150E333-8FDC-42A3-9474-1A3956D46DE8}") = "libs", "libs", "{691F354F-A911-4829-8C4A-82E5FE974CF2}"
EndProject
Project("{FAE04EC0-301F-11D3-BF4B-00C04F79EFBC}") = "QrGenerator.Binding", "QrGenerator.Binding\QrGenerator.Binding.csproj", "{3CBB602C-07F6-43CC-A2F5-3BBA2E7B6ACD}"
EndProject
Project("{FAE04EC0-301F-11D3-BF4B-00C04F79EFBC}") = "Picator.Invitement", "Picator.Invitement\Picator.Invitement\Picator.Invitement.csproj", "{33B7B3DE-D24B-312C-5089-127857C31B4F}"
EndProject
Project("{FAE04EC0-301F-11D3-BF4B-00C04F79EFBC}") = "Picator.Invitement.Client", "Picator.Invitement\Picator.Invitement.Client\Picator.Invitement.Client.csproj", "{2D5143D4-CFE1-A96C-C386-AF7829373C93}"
EndProject
Global
	GlobalSection(SolutionConfigurationPlatforms) = preSolution
		Debug|Any CPU = Debug|Any CPU
		Debug|iPhone = Debug|iPhone
		Debug|iPhoneSimulator = Debug|iPhoneSimulator
		Release|Any CPU = Release|Any CPU
		Release|iPhone = Release|iPhone
		Release|iPhoneSimulator = Release|iPhoneSimulator
	EndGlobalSection
	GlobalSection(ProjectConfigurationPlatforms) = postSolution
		{1A3964E7-AF1E-4E1E-8143-77E3354DB8BE}.Debug|Any CPU.ActiveCfg = Debug|Any CPU
		{1A3964E7-AF1E-4E1E-8143-77E3354DB8BE}.Debug|Any CPU.Build.0 = Debug|Any CPU
		{1A3964E7-AF1E-4E1E-8143-77E3354DB8BE}.Debug|iPhone.ActiveCfg = Debug|Any CPU
		{1A3964E7-AF1E-4E1E-8143-77E3354DB8BE}.Debug|iPhone.Build.0 = Debug|Any CPU
		{1A3964E7-AF1E-4E1E-8143-77E3354DB8BE}.Debug|iPhoneSimulator.ActiveCfg = Debug|Any CPU
		{1A3964E7-AF1E-4E1E-8143-77E3354DB8BE}.Debug|iPhoneSimulator.Build.0 = Debug|Any CPU
		{1A3964E7-AF1E-4E1E-8143-77E3354DB8BE}.Release|Any CPU.ActiveCfg = Release|Any CPU
		{1A3964E7-AF1E-4E1E-8143-77E3354DB8BE}.Release|Any CPU.Build.0 = Release|Any CPU
		{1A3964E7-AF1E-4E1E-8143-77E3354DB8BE}.Release|iPhone.ActiveCfg = Release|Any CPU
		{1A3964E7-AF1E-4E1E-8143-77E3354DB8BE}.Release|iPhone.Build.0 = Release|Any CPU
		{1A3964E7-AF1E-4E1E-8143-77E3354DB8BE}.Release|iPhoneSimulator.ActiveCfg = Release|Any CPU
		{1A3964E7-AF1E-4E1E-8143-77E3354DB8BE}.Release|iPhoneSimulator.Build.0 = Release|Any CPU
		{8075D336-7868-409F-ACA5-88D706CF2EC8}.Debug|Any CPU.ActiveCfg = Debug|Any CPU
		{8075D336-7868-409F-ACA5-88D706CF2EC8}.Debug|Any CPU.Build.0 = Debug|Any CPU
		{8075D336-7868-409F-ACA5-88D706CF2EC8}.Debug|iPhone.ActiveCfg = Debug|Any CPU
		{8075D336-7868-409F-ACA5-88D706CF2EC8}.Debug|iPhone.Build.0 = Debug|Any CPU
		{8075D336-7868-409F-ACA5-88D706CF2EC8}.Debug|iPhoneSimulator.ActiveCfg = Debug|Any CPU
		{8075D336-7868-409F-ACA5-88D706CF2EC8}.Debug|iPhoneSimulator.Build.0 = Debug|Any CPU
		{8075D336-7868-409F-ACA5-88D706CF2EC8}.Release|Any CPU.ActiveCfg = Release|Any CPU
		{8075D336-7868-409F-ACA5-88D706CF2EC8}.Release|Any CPU.Build.0 = Release|Any CPU
		{8075D336-7868-409F-ACA5-88D706CF2EC8}.Release|iPhone.ActiveCfg = Release|Any CPU
		{8075D336-7868-409F-ACA5-88D706CF2EC8}.Release|iPhone.Build.0 = Release|Any CPU
		{8075D336-7868-409F-ACA5-88D706CF2EC8}.Release|iPhoneSimulator.ActiveCfg = Release|Any CPU
		{8075D336-7868-409F-ACA5-88D706CF2EC8}.Release|iPhoneSimulator.Build.0 = Release|Any CPU
		{17C5564F-4903-4E74-890E-B72B73CBB963}.Debug|Any CPU.ActiveCfg = Debug|Any CPU
		{17C5564F-4903-4E74-890E-B72B73CBB963}.Debug|Any CPU.Build.0 = Debug|Any CPU
		{17C5564F-4903-4E74-890E-B72B73CBB963}.Debug|iPhone.ActiveCfg = Debug|Any CPU
		{17C5564F-4903-4E74-890E-B72B73CBB963}.Debug|iPhone.Build.0 = Debug|Any CPU
		{17C5564F-4903-4E74-890E-B72B73CBB963}.Debug|iPhoneSimulator.ActiveCfg = Debug|Any CPU
		{17C5564F-4903-4E74-890E-B72B73CBB963}.Debug|iPhoneSimulator.Build.0 = Debug|Any CPU
		{17C5564F-4903-4E74-890E-B72B73CBB963}.Release|Any CPU.ActiveCfg = Release|Any CPU
		{17C5564F-4903-4E74-890E-B72B73CBB963}.Release|Any CPU.Build.0 = Release|Any CPU
		{17C5564F-4903-4E74-890E-B72B73CBB963}.Release|iPhone.ActiveCfg = Release|Any CPU
		{17C5564F-4903-4E74-890E-B72B73CBB963}.Release|iPhone.Build.0 = Release|Any CPU
		{17C5564F-4903-4E74-890E-B72B73CBB963}.Release|iPhoneSimulator.ActiveCfg = Release|Any CPU
		{17C5564F-4903-4E74-890E-B72B73CBB963}.Release|iPhoneSimulator.Build.0 = Release|Any CPU
		{D72A77A3-B9AB-41D6-AC22-B1951B1CB5A6}.Debug|Any CPU.ActiveCfg = Debug|Any CPU
		{D72A77A3-B9AB-41D6-AC22-B1951B1CB5A6}.Debug|Any CPU.Build.0 = Debug|Any CPU
		{D72A77A3-B9AB-41D6-AC22-B1951B1CB5A6}.Debug|iPhone.ActiveCfg = Debug|Any CPU
		{D72A77A3-B9AB-41D6-AC22-B1951B1CB5A6}.Debug|iPhone.Build.0 = Debug|Any CPU
		{D72A77A3-B9AB-41D6-AC22-B1951B1CB5A6}.Debug|iPhoneSimulator.ActiveCfg = Debug|Any CPU
		{D72A77A3-B9AB-41D6-AC22-B1951B1CB5A6}.Debug|iPhoneSimulator.Build.0 = Debug|Any CPU
		{D72A77A3-B9AB-41D6-AC22-B1951B1CB5A6}.Release|Any CPU.ActiveCfg = Release|Any CPU
		{D72A77A3-B9AB-41D6-AC22-B1951B1CB5A6}.Release|Any CPU.Build.0 = Release|Any CPU
		{D72A77A3-B9AB-41D6-AC22-B1951B1CB5A6}.Release|iPhone.ActiveCfg = Release|Any CPU
		{D72A77A3-B9AB-41D6-AC22-B1951B1CB5A6}.Release|iPhone.Build.0 = Release|Any CPU
		{D72A77A3-B9AB-41D6-AC22-B1951B1CB5A6}.Release|iPhoneSimulator.ActiveCfg = Release|Any CPU
		{D72A77A3-B9AB-41D6-AC22-B1951B1CB5A6}.Release|iPhoneSimulator.Build.0 = Release|Any CPU
		{82606101-2062-4E17-8782-02D055DFF4DD}.Debug|Any CPU.ActiveCfg = Debug|Any CPU
		{82606101-2062-4E17-8782-02D055DFF4DD}.Debug|Any CPU.Build.0 = Debug|Any CPU
		{82606101-2062-4E17-8782-02D055DFF4DD}.Debug|iPhone.ActiveCfg = Debug|Any CPU
		{82606101-2062-4E17-8782-02D055DFF4DD}.Debug|iPhone.Build.0 = Debug|Any CPU
		{82606101-2062-4E17-8782-02D055DFF4DD}.Debug|iPhoneSimulator.ActiveCfg = Debug|Any CPU
		{82606101-2062-4E17-8782-02D055DFF4DD}.Debug|iPhoneSimulator.Build.0 = Debug|Any CPU
		{82606101-2062-4E17-8782-02D055DFF4DD}.Release|Any CPU.ActiveCfg = Release|Any CPU
		{82606101-2062-4E17-8782-02D055DFF4DD}.Release|Any CPU.Build.0 = Release|Any CPU
		{82606101-2062-4E17-8782-02D055DFF4DD}.Release|iPhone.ActiveCfg = Release|Any CPU
		{82606101-2062-4E17-8782-02D055DFF4DD}.Release|iPhone.Build.0 = Release|Any CPU
		{82606101-2062-4E17-8782-02D055DFF4DD}.Release|iPhoneSimulator.ActiveCfg = Release|Any CPU
		{82606101-2062-4E17-8782-02D055DFF4DD}.Release|iPhoneSimulator.Build.0 = Release|Any CPU
		{6F11EAE0-629C-4D59-BA15-5B468F9A2F51}.Debug|Any CPU.ActiveCfg = Debug|Any CPU
		{6F11EAE0-629C-4D59-BA15-5B468F9A2F51}.Debug|Any CPU.Build.0 = Debug|Any CPU
		{6F11EAE0-629C-4D59-BA15-5B468F9A2F51}.Debug|iPhone.ActiveCfg = Debug|Any CPU
		{6F11EAE0-629C-4D59-BA15-5B468F9A2F51}.Debug|iPhone.Build.0 = Debug|Any CPU
		{6F11EAE0-629C-4D59-BA15-5B468F9A2F51}.Debug|iPhoneSimulator.ActiveCfg = Debug|Any CPU
		{6F11EAE0-629C-4D59-BA15-5B468F9A2F51}.Debug|iPhoneSimulator.Build.0 = Debug|Any CPU
		{6F11EAE0-629C-4D59-BA15-5B468F9A2F51}.Release|Any CPU.ActiveCfg = Release|Any CPU
		{6F11EAE0-629C-4D59-BA15-5B468F9A2F51}.Release|Any CPU.Build.0 = Release|Any CPU
		{6F11EAE0-629C-4D59-BA15-5B468F9A2F51}.Release|iPhone.ActiveCfg = Release|Any CPU
		{6F11EAE0-629C-4D59-BA15-5B468F9A2F51}.Release|iPhone.Build.0 = Release|Any CPU
		{6F11EAE0-629C-4D59-BA15-5B468F9A2F51}.Release|iPhoneSimulator.ActiveCfg = Release|Any CPU
		{6F11EAE0-629C-4D59-BA15-5B468F9A2F51}.Release|iPhoneSimulator.Build.0 = Release|Any CPU
		{070CDE21-E226-4E5A-87C5-88AA9979470A}.Debug|Any CPU.ActiveCfg = Debug|Any CPU
		{070CDE21-E226-4E5A-87C5-88AA9979470A}.Debug|Any CPU.Build.0 = Debug|Any CPU
		{070CDE21-E226-4E5A-87C5-88AA9979470A}.Debug|iPhone.ActiveCfg = Debug|Any CPU
		{070CDE21-E226-4E5A-87C5-88AA9979470A}.Debug|iPhone.Build.0 = Debug|Any CPU
		{070CDE21-E226-4E5A-87C5-88AA9979470A}.Debug|iPhoneSimulator.ActiveCfg = Debug|Any CPU
		{070CDE21-E226-4E5A-87C5-88AA9979470A}.Debug|iPhoneSimulator.Build.0 = Debug|Any CPU
		{070CDE21-E226-4E5A-87C5-88AA9979470A}.Release|Any CPU.ActiveCfg = Release|Any CPU
		{070CDE21-E226-4E5A-87C5-88AA9979470A}.Release|Any CPU.Build.0 = Release|Any CPU
		{070CDE21-E226-4E5A-87C5-88AA9979470A}.Release|iPhone.ActiveCfg = Release|Any CPU
		{070CDE21-E226-4E5A-87C5-88AA9979470A}.Release|iPhone.Build.0 = Release|Any CPU
		{070CDE21-E226-4E5A-87C5-88AA9979470A}.Release|iPhoneSimulator.ActiveCfg = Release|Any CPU
		{070CDE21-E226-4E5A-87C5-88AA9979470A}.Release|iPhoneSimulator.Build.0 = Release|Any CPU
		{D3A1CCE6-2981-4AF2-9387-86865D6B2C60}.Debug|Any CPU.ActiveCfg = Debug|Any CPU
		{D3A1CCE6-2981-4AF2-9387-86865D6B2C60}.Debug|Any CPU.Build.0 = Debug|Any CPU
		{D3A1CCE6-2981-4AF2-9387-86865D6B2C60}.Debug|iPhone.ActiveCfg = Debug|Any CPU
		{D3A1CCE6-2981-4AF2-9387-86865D6B2C60}.Debug|iPhone.Build.0 = Debug|Any CPU
		{D3A1CCE6-2981-4AF2-9387-86865D6B2C60}.Debug|iPhoneSimulator.ActiveCfg = Debug|Any CPU
		{D3A1CCE6-2981-4AF2-9387-86865D6B2C60}.Debug|iPhoneSimulator.Build.0 = Debug|Any CPU
		{D3A1CCE6-2981-4AF2-9387-86865D6B2C60}.Release|Any CPU.ActiveCfg = Release|Any CPU
		{D3A1CCE6-2981-4AF2-9387-86865D6B2C60}.Release|Any CPU.Build.0 = Release|Any CPU
		{D3A1CCE6-2981-4AF2-9387-86865D6B2C60}.Release|iPhone.ActiveCfg = Release|Any CPU
		{D3A1CCE6-2981-4AF2-9387-86865D6B2C60}.Release|iPhone.Build.0 = Release|Any CPU
		{D3A1CCE6-2981-4AF2-9387-86865D6B2C60}.Release|iPhoneSimulator.ActiveCfg = Release|Any CPU
		{D3A1CCE6-2981-4AF2-9387-86865D6B2C60}.Release|iPhoneSimulator.Build.0 = Release|Any CPU
		{C032923E-BDBA-4285-9831-8D658D0E8F7D}.Debug|Any CPU.ActiveCfg = Debug|Any CPU
		{C032923E-BDBA-4285-9831-8D658D0E8F7D}.Debug|Any CPU.Build.0 = Debug|Any CPU
		{C032923E-BDBA-4285-9831-8D658D0E8F7D}.Debug|iPhone.ActiveCfg = Debug|Any CPU
		{C032923E-BDBA-4285-9831-8D658D0E8F7D}.Debug|iPhone.Build.0 = Debug|Any CPU
		{C032923E-BDBA-4285-9831-8D658D0E8F7D}.Debug|iPhoneSimulator.ActiveCfg = Debug|Any CPU
		{C032923E-BDBA-4285-9831-8D658D0E8F7D}.Debug|iPhoneSimulator.Build.0 = Debug|Any CPU
		{C032923E-BDBA-4285-9831-8D658D0E8F7D}.Release|Any CPU.ActiveCfg = Release|Any CPU
		{C032923E-BDBA-4285-9831-8D658D0E8F7D}.Release|Any CPU.Build.0 = Release|Any CPU
		{C032923E-BDBA-4285-9831-8D658D0E8F7D}.Release|iPhone.ActiveCfg = Release|Any CPU
		{C032923E-BDBA-4285-9831-8D658D0E8F7D}.Release|iPhone.Build.0 = Release|Any CPU
		{C032923E-BDBA-4285-9831-8D658D0E8F7D}.Release|iPhoneSimulator.ActiveCfg = Release|Any CPU
		{C032923E-BDBA-4285-9831-8D658D0E8F7D}.Release|iPhoneSimulator.Build.0 = Release|Any CPU
		{3802629D-FE61-4069-9D20-B5285F23F10D}.Debug|Any CPU.ActiveCfg = Debug|Any CPU
		{3802629D-FE61-4069-9D20-B5285F23F10D}.Debug|Any CPU.Build.0 = Debug|Any CPU
		{3802629D-FE61-4069-9D20-B5285F23F10D}.Debug|iPhone.ActiveCfg = Debug|Any CPU
		{3802629D-FE61-4069-9D20-B5285F23F10D}.Debug|iPhone.Build.0 = Debug|Any CPU
		{3802629D-FE61-4069-9D20-B5285F23F10D}.Debug|iPhoneSimulator.ActiveCfg = Debug|Any CPU
		{3802629D-FE61-4069-9D20-B5285F23F10D}.Debug|iPhoneSimulator.Build.0 = Debug|Any CPU
		{3802629D-FE61-4069-9D20-B5285F23F10D}.Release|Any CPU.ActiveCfg = Release|Any CPU
		{3802629D-FE61-4069-9D20-B5285F23F10D}.Release|Any CPU.Build.0 = Release|Any CPU
		{3802629D-FE61-4069-9D20-B5285F23F10D}.Release|iPhone.ActiveCfg = Release|Any CPU
		{3802629D-FE61-4069-9D20-B5285F23F10D}.Release|iPhone.Build.0 = Release|Any CPU
		{3802629D-FE61-4069-9D20-B5285F23F10D}.Release|iPhoneSimulator.ActiveCfg = Release|Any CPU
		{3802629D-FE61-4069-9D20-B5285F23F10D}.Release|iPhoneSimulator.Build.0 = Release|Any CPU
		{535035CB-57F9-4260-A22D-C3D15D162EFA}.Debug|Any CPU.ActiveCfg = Debug|Any CPU
		{535035CB-57F9-4260-A22D-C3D15D162EFA}.Debug|Any CPU.Build.0 = Debug|Any CPU
		{535035CB-57F9-4260-A22D-C3D15D162EFA}.Debug|iPhone.ActiveCfg = Debug|Any CPU
		{535035CB-57F9-4260-A22D-C3D15D162EFA}.Debug|iPhone.Build.0 = Debug|Any CPU
		{535035CB-57F9-4260-A22D-C3D15D162EFA}.Debug|iPhoneSimulator.ActiveCfg = Debug|Any CPU
		{535035CB-57F9-4260-A22D-C3D15D162EFA}.Debug|iPhoneSimulator.Build.0 = Debug|Any CPU
		{535035CB-57F9-4260-A22D-C3D15D162EFA}.Release|Any CPU.ActiveCfg = Release|Any CPU
		{535035CB-57F9-4260-A22D-C3D15D162EFA}.Release|Any CPU.Build.0 = Release|Any CPU
		{535035CB-57F9-4260-A22D-C3D15D162EFA}.Release|iPhone.ActiveCfg = Release|Any CPU
		{535035CB-57F9-4260-A22D-C3D15D162EFA}.Release|iPhone.Build.0 = Release|Any CPU
		{535035CB-57F9-4260-A22D-C3D15D162EFA}.Release|iPhoneSimulator.ActiveCfg = Release|Any CPU
		{535035CB-57F9-4260-A22D-C3D15D162EFA}.Release|iPhoneSimulator.Build.0 = Release|Any CPU
		{D75B6BD9-EC78-4E44-98B1-54E7D715D72C}.Debug|Any CPU.ActiveCfg = Debug|Any CPU
		{D75B6BD9-EC78-4E44-98B1-54E7D715D72C}.Debug|Any CPU.Build.0 = Debug|Any CPU
		{D75B6BD9-EC78-4E44-98B1-54E7D715D72C}.Debug|iPhone.ActiveCfg = Debug|Any CPU
		{D75B6BD9-EC78-4E44-98B1-54E7D715D72C}.Debug|iPhone.Build.0 = Debug|Any CPU
		{D75B6BD9-EC78-4E44-98B1-54E7D715D72C}.Debug|iPhoneSimulator.ActiveCfg = Debug|Any CPU
		{D75B6BD9-EC78-4E44-98B1-54E7D715D72C}.Debug|iPhoneSimulator.Build.0 = Debug|Any CPU
		{D75B6BD9-EC78-4E44-98B1-54E7D715D72C}.Release|Any CPU.ActiveCfg = Release|Any CPU
		{D75B6BD9-EC78-4E44-98B1-54E7D715D72C}.Release|Any CPU.Build.0 = Release|Any CPU
		{D75B6BD9-EC78-4E44-98B1-54E7D715D72C}.Release|iPhone.ActiveCfg = Release|Any CPU
		{D75B6BD9-EC78-4E44-98B1-54E7D715D72C}.Release|iPhone.Build.0 = Release|Any CPU
		{D75B6BD9-EC78-4E44-98B1-54E7D715D72C}.Release|iPhoneSimulator.ActiveCfg = Release|Any CPU
		{D75B6BD9-EC78-4E44-98B1-54E7D715D72C}.Release|iPhoneSimulator.Build.0 = Release|Any CPU
		{BA397804-5480-4A9E-BBEB-F94CE5ED282C}.Debug|Any CPU.ActiveCfg = Debug|Any CPU
		{BA397804-5480-4A9E-BBEB-F94CE5ED282C}.Debug|Any CPU.Build.0 = Debug|Any CPU
		{BA397804-5480-4A9E-BBEB-F94CE5ED282C}.Debug|iPhone.ActiveCfg = Debug|Any CPU
		{BA397804-5480-4A9E-BBEB-F94CE5ED282C}.Debug|iPhone.Build.0 = Debug|Any CPU
		{BA397804-5480-4A9E-BBEB-F94CE5ED282C}.Debug|iPhoneSimulator.ActiveCfg = Debug|Any CPU
		{BA397804-5480-4A9E-BBEB-F94CE5ED282C}.Debug|iPhoneSimulator.Build.0 = Debug|Any CPU
		{BA397804-5480-4A9E-BBEB-F94CE5ED282C}.Release|Any CPU.ActiveCfg = Release|Any CPU
		{BA397804-5480-4A9E-BBEB-F94CE5ED282C}.Release|Any CPU.Build.0 = Release|Any CPU
		{BA397804-5480-4A9E-BBEB-F94CE5ED282C}.Release|iPhone.ActiveCfg = Release|Any CPU
		{BA397804-5480-4A9E-BBEB-F94CE5ED282C}.Release|iPhone.Build.0 = Release|Any CPU
		{BA397804-5480-4A9E-BBEB-F94CE5ED282C}.Release|iPhoneSimulator.ActiveCfg = Release|Any CPU
		{BA397804-5480-4A9E-BBEB-F94CE5ED282C}.Release|iPhoneSimulator.Build.0 = Release|Any CPU
		{F01A76CD-534E-43E6-98E9-30381DBAB2A4}.Debug|Any CPU.ActiveCfg = Debug|Any CPU
		{F01A76CD-534E-43E6-98E9-30381DBAB2A4}.Debug|Any CPU.Build.0 = Debug|Any CPU
		{F01A76CD-534E-43E6-98E9-30381DBAB2A4}.Debug|Any CPU.Deploy.0 = Debug|Any CPU
		{F01A76CD-534E-43E6-98E9-30381DBAB2A4}.Debug|iPhone.ActiveCfg = Debug|Any CPU
		{F01A76CD-534E-43E6-98E9-30381DBAB2A4}.Debug|iPhone.Build.0 = Debug|Any CPU
		{F01A76CD-534E-43E6-98E9-30381DBAB2A4}.Debug|iPhone.Deploy.0 = Debug|Any CPU
		{F01A76CD-534E-43E6-98E9-30381DBAB2A4}.Debug|iPhoneSimulator.ActiveCfg = Debug|Any CPU
		{F01A76CD-534E-43E6-98E9-30381DBAB2A4}.Debug|iPhoneSimulator.Build.0 = Debug|Any CPU
		{F01A76CD-534E-43E6-98E9-30381DBAB2A4}.Debug|iPhoneSimulator.Deploy.0 = Debug|Any CPU
		{F01A76CD-534E-43E6-98E9-30381DBAB2A4}.Release|Any CPU.ActiveCfg = Release|Any CPU
		{F01A76CD-534E-43E6-98E9-30381DBAB2A4}.Release|Any CPU.Build.0 = Release|Any CPU
		{F01A76CD-534E-43E6-98E9-30381DBAB2A4}.Release|Any CPU.Deploy.0 = Release|Any CPU
		{F01A76CD-534E-43E6-98E9-30381DBAB2A4}.Release|iPhone.ActiveCfg = Release|Any CPU
		{F01A76CD-534E-43E6-98E9-30381DBAB2A4}.Release|iPhone.Build.0 = Release|Any CPU
		{F01A76CD-534E-43E6-98E9-30381DBAB2A4}.Release|iPhone.Deploy.0 = Release|Any CPU
		{F01A76CD-534E-43E6-98E9-30381DBAB2A4}.Release|iPhoneSimulator.ActiveCfg = Release|Any CPU
		{F01A76CD-534E-43E6-98E9-30381DBAB2A4}.Release|iPhoneSimulator.Build.0 = Release|Any CPU
		{F01A76CD-534E-43E6-98E9-30381DBAB2A4}.Release|iPhoneSimulator.Deploy.0 = Release|Any CPU
		{AD21C0E1-0902-438E-94BC-CF85B523D4AC}.Debug|Any CPU.ActiveCfg = Debug|Any CPU
		{AD21C0E1-0902-438E-94BC-CF85B523D4AC}.Debug|Any CPU.Build.0 = Debug|Any CPU
		{AD21C0E1-0902-438E-94BC-CF85B523D4AC}.Debug|iPhone.ActiveCfg = Debug|Any CPU
		{AD21C0E1-0902-438E-94BC-CF85B523D4AC}.Debug|iPhone.Build.0 = Debug|Any CPU
		{AD21C0E1-0902-438E-94BC-CF85B523D4AC}.Debug|iPhoneSimulator.ActiveCfg = Debug|Any CPU
		{AD21C0E1-0902-438E-94BC-CF85B523D4AC}.Debug|iPhoneSimulator.Build.0 = Debug|Any CPU
		{AD21C0E1-0902-438E-94BC-CF85B523D4AC}.Release|Any CPU.ActiveCfg = Release|Any CPU
		{AD21C0E1-0902-438E-94BC-CF85B523D4AC}.Release|Any CPU.Build.0 = Release|Any CPU
		{AD21C0E1-0902-438E-94BC-CF85B523D4AC}.Release|iPhone.ActiveCfg = Release|Any CPU
		{AD21C0E1-0902-438E-94BC-CF85B523D4AC}.Release|iPhone.Build.0 = Release|Any CPU
		{AD21C0E1-0902-438E-94BC-CF85B523D4AC}.Release|iPhoneSimulator.ActiveCfg = Release|Any CPU
		{AD21C0E1-0902-438E-94BC-CF85B523D4AC}.Release|iPhoneSimulator.Build.0 = Release|Any CPU
		{83CB139F-2464-A37C-C7A7-1B2B51B1FD5A}.Debug|Any CPU.ActiveCfg = Debug|Any CPU
		{83CB139F-2464-A37C-C7A7-1B2B51B1FD5A}.Debug|Any CPU.Build.0 = Debug|Any CPU
		{83CB139F-2464-A37C-C7A7-1B2B51B1FD5A}.Debug|iPhone.ActiveCfg = Debug|Any CPU
		{83CB139F-2464-A37C-C7A7-1B2B51B1FD5A}.Debug|iPhone.Build.0 = Debug|Any CPU
		{83CB139F-2464-A37C-C7A7-1B2B51B1FD5A}.Debug|iPhoneSimulator.ActiveCfg = Debug|Any CPU
		{83CB139F-2464-A37C-C7A7-1B2B51B1FD5A}.Debug|iPhoneSimulator.Build.0 = Debug|Any CPU
		{83CB139F-2464-A37C-C7A7-1B2B51B1FD5A}.Release|Any CPU.ActiveCfg = Release|Any CPU
		{83CB139F-2464-A37C-C7A7-1B2B51B1FD5A}.Release|Any CPU.Build.0 = Release|Any CPU
		{83CB139F-2464-A37C-C7A7-1B2B51B1FD5A}.Release|iPhone.ActiveCfg = Release|Any CPU
		{83CB139F-2464-A37C-C7A7-1B2B51B1FD5A}.Release|iPhone.Build.0 = Release|Any CPU
		{83CB139F-2464-A37C-C7A7-1B2B51B1FD5A}.Release|iPhoneSimulator.ActiveCfg = Release|Any CPU
		{83CB139F-2464-A37C-C7A7-1B2B51B1FD5A}.Release|iPhoneSimulator.Build.0 = Release|Any CPU
		{4B7641D2-3D7A-4D06-9F3B-7A93125996A9}.Debug|Any CPU.ActiveCfg = Debug|Any CPU
		{4B7641D2-3D7A-4D06-9F3B-7A93125996A9}.Debug|Any CPU.Build.0 = Debug|Any CPU
		{4B7641D2-3D7A-4D06-9F3B-7A93125996A9}.Debug|iPhone.ActiveCfg = Debug|Any CPU
		{4B7641D2-3D7A-4D06-9F3B-7A93125996A9}.Debug|iPhone.Build.0 = Debug|Any CPU
		{4B7641D2-3D7A-4D06-9F3B-7A93125996A9}.Debug|iPhoneSimulator.ActiveCfg = Debug|Any CPU
		{4B7641D2-3D7A-4D06-9F3B-7A93125996A9}.Debug|iPhoneSimulator.Build.0 = Debug|Any CPU
		{4B7641D2-3D7A-4D06-9F3B-7A93125996A9}.Release|Any CPU.ActiveCfg = Release|Any CPU
		{4B7641D2-3D7A-4D06-9F3B-7A93125996A9}.Release|Any CPU.Build.0 = Release|Any CPU
		{4B7641D2-3D7A-4D06-9F3B-7A93125996A9}.Release|iPhone.ActiveCfg = Release|Any CPU
		{4B7641D2-3D7A-4D06-9F3B-7A93125996A9}.Release|iPhone.Build.0 = Release|Any CPU
		{4B7641D2-3D7A-4D06-9F3B-7A93125996A9}.Release|iPhoneSimulator.ActiveCfg = Release|Any CPU
		{4B7641D2-3D7A-4D06-9F3B-7A93125996A9}.Release|iPhoneSimulator.Build.0 = Release|Any CPU
		{3CBB602C-07F6-43CC-A2F5-3BBA2E7B6ACD}.Debug|Any CPU.ActiveCfg = Debug|Any CPU
		{3CBB602C-07F6-43CC-A2F5-3BBA2E7B6ACD}.Debug|Any CPU.Build.0 = Debug|Any CPU
		{3CBB602C-07F6-43CC-A2F5-3BBA2E7B6ACD}.Debug|iPhone.ActiveCfg = Debug|Any CPU
		{3CBB602C-07F6-43CC-A2F5-3BBA2E7B6ACD}.Debug|iPhone.Build.0 = Debug|Any CPU
		{3CBB602C-07F6-43CC-A2F5-3BBA2E7B6ACD}.Debug|iPhoneSimulator.ActiveCfg = Debug|Any CPU
		{3CBB602C-07F6-43CC-A2F5-3BBA2E7B6ACD}.Debug|iPhoneSimulator.Build.0 = Debug|Any CPU
		{3CBB602C-07F6-43CC-A2F5-3BBA2E7B6ACD}.Release|Any CPU.ActiveCfg = Release|Any CPU
		{3CBB602C-07F6-43CC-A2F5-3BBA2E7B6ACD}.Release|Any CPU.Build.0 = Release|Any CPU
		{3CBB602C-07F6-43CC-A2F5-3BBA2E7B6ACD}.Release|iPhone.ActiveCfg = Release|Any CPU
		{3CBB602C-07F6-43CC-A2F5-3BBA2E7B6ACD}.Release|iPhone.Build.0 = Release|Any CPU
		{3CBB602C-07F6-43CC-A2F5-3BBA2E7B6ACD}.Release|iPhoneSimulator.ActiveCfg = Release|Any CPU
		{3CBB602C-07F6-43CC-A2F5-3BBA2E7B6ACD}.Release|iPhoneSimulator.Build.0 = Release|Any CPU
		{33B7B3DE-D24B-312C-5089-127857C31B4F}.Debug|Any CPU.ActiveCfg = Debug|Any CPU
		{33B7B3DE-D24B-312C-5089-127857C31B4F}.Debug|Any CPU.Build.0 = Debug|Any CPU
		{33B7B3DE-D24B-312C-5089-127857C31B4F}.Debug|iPhone.ActiveCfg = Debug|Any CPU
		{33B7B3DE-D24B-312C-5089-127857C31B4F}.Debug|iPhone.Build.0 = Debug|Any CPU
		{33B7B3DE-D24B-312C-5089-127857C31B4F}.Debug|iPhoneSimulator.ActiveCfg = Debug|Any CPU
		{33B7B3DE-D24B-312C-5089-127857C31B4F}.Debug|iPhoneSimulator.Build.0 = Debug|Any CPU
		{33B7B3DE-D24B-312C-5089-127857C31B4F}.Release|Any CPU.ActiveCfg = Release|Any CPU
		{33B7B3DE-D24B-312C-5089-127857C31B4F}.Release|Any CPU.Build.0 = Release|Any CPU
		{33B7B3DE-D24B-312C-5089-127857C31B4F}.Release|iPhone.ActiveCfg = Release|Any CPU
		{33B7B3DE-D24B-312C-5089-127857C31B4F}.Release|iPhone.Build.0 = Release|Any CPU
		{33B7B3DE-D24B-312C-5089-127857C31B4F}.Release|iPhoneSimulator.ActiveCfg = Release|Any CPU
		{33B7B3DE-D24B-312C-5089-127857C31B4F}.Release|iPhoneSimulator.Build.0 = Release|Any CPU
		{2D5143D4-CFE1-A96C-C386-AF7829373C93}.Debug|Any CPU.ActiveCfg = Debug|Any CPU
		{2D5143D4-CFE1-A96C-C386-AF7829373C93}.Debug|Any CPU.Build.0 = Debug|Any CPU
		{2D5143D4-CFE1-A96C-C386-AF7829373C93}.Debug|iPhone.ActiveCfg = Debug|Any CPU
		{2D5143D4-CFE1-A96C-C386-AF7829373C93}.Debug|iPhone.Build.0 = Debug|Any CPU
		{2D5143D4-CFE1-A96C-C386-AF7829373C93}.Debug|iPhoneSimulator.ActiveCfg = Debug|Any CPU
		{2D5143D4-CFE1-A96C-C386-AF7829373C93}.Debug|iPhoneSimulator.Build.0 = Debug|Any CPU
		{2D5143D4-CFE1-A96C-C386-AF7829373C93}.Release|Any CPU.ActiveCfg = Release|Any CPU
		{2D5143D4-CFE1-A96C-C386-AF7829373C93}.Release|Any CPU.Build.0 = Release|Any CPU
		{2D5143D4-CFE1-A96C-C386-AF7829373C93}.Release|iPhone.ActiveCfg = Release|Any CPU
		{2D5143D4-CFE1-A96C-C386-AF7829373C93}.Release|iPhone.Build.0 = Release|Any CPU
		{2D5143D4-CFE1-A96C-C386-AF7829373C93}.Release|iPhoneSimulator.ActiveCfg = Release|Any CPU
		{2D5143D4-CFE1-A96C-C386-AF7829373C93}.Release|iPhoneSimulator.Build.0 = Release|Any CPU
	EndGlobalSection
	GlobalSection(SolutionProperties) = preSolution
		HideSolutionNode = FALSE
	EndGlobalSection
	GlobalSection(NestedProjects) = preSolution
		{17C5564F-4903-4E74-890E-B72B73CBB963} = {0DEFE02C-DE37-460F-919F-B89F221FE0C0}
		{D72A77A3-B9AB-41D6-AC22-B1951B1CB5A6} = {CCE1AB93-D4DB-4060-B2A5-4DE50D83CECA}
		{82606101-2062-4E17-8782-02D055DFF4DD} = {0DEFE02C-DE37-460F-919F-B89F221FE0C0}
		{6F11EAE0-629C-4D59-BA15-5B468F9A2F51} = {CCE1AB93-D4DB-4060-B2A5-4DE50D83CECA}
		{070CDE21-E226-4E5A-87C5-88AA9979470A} = {2E94AEB4-40BC-4481-B18C-980256272A5E}
		{D3A1CCE6-2981-4AF2-9387-86865D6B2C60} = {ECBD6EC9-AB7D-4768-8469-2CD9DFA3D1FD}
		{C032923E-BDBA-4285-9831-8D658D0E8F7D} = {0DEFE02C-DE37-460F-919F-B89F221FE0C0}
		{3802629D-FE61-4069-9D20-B5285F23F10D} = {691F354F-A911-4829-8C4A-82E5FE974CF2}
		{535035CB-57F9-4260-A22D-C3D15D162EFA} = {ECBD6EC9-AB7D-4768-8469-2CD9DFA3D1FD}
		{F01A76CD-534E-43E6-98E9-30381DBAB2A4} = {1D6C768D-D8DA-4031-B49B-9DC57128F8D5}
		{3CBB602C-07F6-43CC-A2F5-3BBA2E7B6ACD} = {691F354F-A911-4829-8C4A-82E5FE974CF2}
	EndGlobalSection
	GlobalSection(ExtensibilityGlobals) = postSolution
		SolutionGuid = {61F7FB11-1E47-470C-91E2-47F8143E1572}
	EndGlobalSection
EndGlobal
